{
  "name": "gmair-drift",
  "version": "1.0.0",
  "lockfileVersion": 1,
  "requires": true,
  "dependencies": {
    "vant-weapp": {
      "version": "0.5.14",
      "resolved": "https://registry.npm.taobao.org/vant-weapp/download/vant-weapp-0.5.14.tgz",
      "integrity": "sha1-DKjyENc8Ubzyapn6zaFQy5aisFM="
    }
  }
}
